github.com/TV4/env v0.1.7 h1:/P7Hy7OQS0jBzB1W3Lw3FUVS0hJy96jtZ95xriyHz+M=
github.com/TV4/env v0.1.7/go.mod h1:Jnr7nQn4aPj+FuVtVoti+MvnXJ9ap07VPN8uBuHKRjk=
github.com/davecgh/go-spew v1.1.1/go.mod h1:J7Y8YcW2NihsgmVo/mv3lAwl/skON4iLHjSsI+c5H38=
github.com/invisiblethreat/expandaddr v0.0.0-20191217111351-7fff50d65879 h1:sHWO0slQyTQEBpTebfojWd7hpUFbt+5YMqx/y3Uhq2I=
github.com/invisiblethreat/expandaddr v0.0.0-20191217111351-7fff50d65879/go.mod h1:PzKKXp4oHy/6T+Va61JRgunGtRjc/L9sNH/GkP1TqMc=
github.com/invisiblethreat/expandaddr v0.0.0-20191217120339-7f5c53392fc2 h1:fUmOxtfTKBU+4ZTrbQeSQeeXC5vgmYL7BXikll+Io0o=
github.com/invisiblethreat/expandaddr v0.0.0-20191217120339-7f5c53392fc2/go.mod h1:PzKKXp4oHy/6T+Va61JRgunGtRjc/L9sNH/GkP1TqMc=
github.com/invisiblethreat/locate v0.0.0-20191203143134-c8e9d7ea8ffe h1:iefCr+1j7ANFGjSqXTPd20dc4JRUPwIa7pkZ7CfhY1U=
github.com/invisiblethreat/locate v0.0.0-20191203143134-c8e9d7ea8ffe/go.mod h1:/BHWJ14LcUwg5Fdda/jsz3J3yIofVZE70eRAVKtUVxI=
github.com/konsorten/go-windows-terminal-sequences v1.0.1/go.mod h1:T0+1ngSBFLxvqU3pZ+m/2kptfBszLMUkC4ZK/EgS/cQ=
github.com/kyleconroy/sqlc v0.0.0-devel h1:aof1hld6DW1BqN79AxnMbTTt6XywtHg7uxosdTzl2Kw=
github.com/pmezard/go-difflib v1.0.0/go.mod h1:iKH77koFhYxTK1pcRnkKkqfTogsbg7gZNVY4sRDYZ/4=
github.com/sirupsen/logrus v1.4.2 h1:SPIRibHv4MatM3XXNO2BJeFLZwZ2LvZgfQ5+UNI2im4=
github.com/sirupsen/logrus v1.4.2/go.mod h1:tLMulIdttU9McNUspp0xgXVQah82FyeX6MwdIuYE2rE=
github.com/spf13/pflag v1.0.5 h1:iy+VFUOCP1a+8yFto/drg2CJ5u0yRoB7fZw3DKv/JXA=
github.com/spf13/pflag v1.0.5/go.mod h1:McXfInJRrz4CZXVZOBLb0bTZqETkiAhM9Iw0y3An2Bg=
github.com/stretchr/objx v0.1.1/go.mod h1:HFkY916IF+rwdDfMAkV7OtwuqBVzrE8GR6GFx+wExME=
github.com/stretchr/testify v1.2.2/go.mod h1:a8OnRcib4nhh0OaRAV+Yts87kKdq0PP7pXfy6kDkUVs=
golang.org/x/sys v0.0.0-20190422165155-953cdadca894 h1:Cz4ceDQGXuKRnVBDTS23GTn/pU5OE2C0WrNTOYK1Uuc=
golang.org/x/sys v0.0.0-20190422165155-953cdadca894/go.mod h1:h1NjWce9XRLGQEsW7wpKNCjG9DtNlClVuFLEZdDNbEs=
